Microsoft Visual Studio Solution File, Format Version 12.00
# Visual Studio Version 17
VisualStudioVersion = 17.5.2.0
MinimumVisualStudioVersion = 10.0.40219.1
Project("{FAE04EC0-301F-11D3-BF4B-00C04F79EFBC}") = "ProductSearchAgent", "ProductSearchAgent.csproj", "{524A81F9-FF95-97E5-1007-6BF3EF34878A}"
EndProject
Global
	GlobalSection(SolutionConfigurationPlatforms) = preSolution
		Debug|Any CPU = Debug|Any CPU
		Release|Any CPU = Release|Any CPU
	EndGlobalSection
	GlobalSection(ProjectConfigurationPlatforms) = postSolution
		{524A81F9-FF95-97E5-1007-6BF3EF34878A}.Debug|Any CPU.ActiveCfg = Debug|Any CPU
		{524A81F9-FF95-97E5-1007-6BF3EF34878A}.Debug|Any CPU.Build.0 = Debug|Any CPU
		{524A81F9-FF95-97E5-1007-6BF3EF34878A}.Release|Any CPU.ActiveCfg = Release|Any CPU
		{524A81F9-FF95-97E5-1007-6BF3EF34878A}.Release|Any CPU.Build.0 = Release|Any CPU
	EndGlobalSection
	GlobalSection(SolutionProperties) = preSolution
		HideSolutionNode = FALSE
	EndGlobalSection
	GlobalSection(ExtensibilityGlobals) = postSolution
		SolutionGuid = {7E0ED09F-C780-4221-83DC-B6BFEEC2F043}
	EndGlobalSection
EndGlobal
